
Microsoft Visual Studio Solution File, Format Version 12.00
# Visual Studio Version 16
VisualStudioVersion = 16.0.31729.503
MinimumVisualStudioVersion = 10.0.40219.1
Project("{FAE04EC0-301F-11D3-BF4B-00C04F79EFBC}") = "Web", "Web\Web.csproj", "{DB503416-D0AF-4565-B244-1EEE9BEF0F70}"
EndProject
Project("{FAE04EC0-301F-11D3-BF4B-00C04F79EFBC}") = "Core", "Core\Core.csproj", "{4AD7129B-3177-40E7-B03F-1BE19B4956BA}"
EndProject
Project("{FAE04EC0-301F-11D3-BF4B-00C04F79EFBC}") = "Infrastructure", "Infrastructure\Infrastructure.csproj", "{E6EEFFD8-09DE-4579-BE83-A15F46DF249F}"
EndProject
Global
	GlobalSection(SolutionConfigurationPlatforms) = preSolution
		Debug|Any CPU = Debug|Any CPU
		Release|Any CPU = Release|Any CPU
	EndGlobalSection
	GlobalSection(ProjectConfigurationPlatforms) = postSolution
		{DB503416-D0AF-4565-B244-1EEE9BEF0F70}.Debug|Any CPU.ActiveCfg = Debug|Any CPU
		{DB503416-D0AF-4565-B244-1EEE9BEF0F70}.Debug|Any CPU.Build.0 = Debug|Any CPU
		{DB503416-D0AF-4565-B244-1EEE9BEF0F70}.Release|Any CPU.ActiveCfg = Release|Any CPU
		{DB503416-D0AF-4565-B244-1EEE9BEF0F70}.Release|Any CPU.Build.0 = Release|Any CPU
		{4AD7129B-3177-40E7-B03F-1BE19B4956BA}.Debug|Any CPU.ActiveCfg = Debug|Any CPU
		{4AD7129B-3177-40E7-B03F-1BE19B4956BA}.Debug|Any CPU.Build.0 = Debug|Any CPU
		{4AD7129B-3177-40E7-B03F-1BE19B4956BA}.Release|Any CPU.ActiveCfg = Release|Any CPU
		{4AD7129B-3177-40E7-B03F-1BE19B4956BA}.Release|Any CPU.Build.0 = Release|Any CPU
		{E6EEFFD8-09DE-4579-BE83-A15F46DF249F}.Debug|Any CPU.ActiveCfg = Debug|Any CPU
		{E6EEFFD8-09DE-4579-BE83-A15F46DF249F}.Debug|Any CPU.Build.0 = Debug|Any CPU
		{E6EEFFD8-09DE-4579-BE83-A15F46DF249F}.Release|Any CPU.ActiveCfg = Release|Any CPU
		{E6EEFFD8-09DE-4579-BE83-A15F46DF249F}.Release|Any CPU.Build.0 = Release|Any CPU
	EndGlobalSection
	GlobalSection(SolutionProperties) = preSolution
		HideSolutionNode = FALSE
	EndGlobalSection
	GlobalSection(ExtensibilityGlobals) = postSolution
		SolutionGuid = {142429AE-1C68-4EAB-8A90-F9DD84384881}
	EndGlobalSection
EndGlobal
